
Microsoft Visual Studio Solution File, Format Version 12.00
# Visual Studio Version 16
VisualStudioVersion = 16.0.28803.352
MinimumVisualStudioVersion = 10.0.40219.1
Project("{FAE04EC0-301F-11D3-BF4B-00C04F79EFBC}") = "FinalProjectApi", "FinalProjectApi\FinalProjectApi.csproj", "{954ED981-EB8B-4DFA-B82A-31DBD9CA66AA}"
EndProject
Global
	GlobalSection(SolutionConfigurationPlatforms) = preSolution
		Debug|Any CPU = Debug|Any CPU
		Release|Any CPU = Release|Any CPU
	EndGlobalSection
	GlobalSection(ProjectConfigurationPlatforms) = postSolution
		{954ED981-EB8B-4DFA-B82A-31DBD9CA66AA}.Debug|Any CPU.ActiveCfg = Debug|Any CPU
		{954ED981-EB8B-4DFA-B82A-31DBD9CA66AA}.Debug|Any CPU.Build.0 = Debug|Any CPU
		{954ED981-EB8B-4DFA-B82A-31DBD9CA66AA}.Release|Any CPU.ActiveCfg = Release|Any CPU
		{954ED981-EB8B-4DFA-B82A-31DBD9CA66AA}.Release|Any CPU.Build.0 = Release|Any CPU
	EndGlobalSection
	GlobalSection(SolutionProperties) = preSolution
		HideSolutionNode = FALSE
	EndGlobalSection
	GlobalSection(ExtensibilityGlobals) = postSolution
		SolutionGuid = {3B18F010-1549-40AC-9E60-1AEEBC2A0BC2}
	EndGlobalSection
EndGlobal
